
Microsoft Visual Studio Solution File, Format Version 12.00
# Visual Studio Version 17
VisualStudioVersion = 17.3.32825.248
MinimumVisualStudioVersion = 10.0.40219.1
Project("{FAE04EC0-301F-11D3-BF4B-00C04F79EFBC}") = "ZootecBC", "ZootecBC.csproj", "{3FE4D83E-1F02-483D-88F9-A00805C14B4B}"
EndProject
Global
	GlobalSection(SolutionConfigurationPlatforms) = preSolution
		Debug|Any CPU = Debug|Any CPU
		Release|Any CPU = Release|Any CPU
	EndGlobalSection
	GlobalSection(ProjectConfigurationPlatforms) = postSolution
		{3FE4D83E-1F02-483D-88F9-A00805C14B4B}.Debug|Any CPU.ActiveCfg = Debug|Any CPU
		{3FE4D83E-1F02-483D-88F9-A00805C14B4B}.Debug|Any CPU.Build.0 = Debug|Any CPU
		{3FE4D83E-1F02-483D-88F9-A00805C14B4B}.Release|Any CPU.ActiveCfg = Release|Any CPU
		{3FE4D83E-1F02-483D-88F9-A00805C14B4B}.Release|Any CPU.Build.0 = Release|Any CPU
	EndGlobalSection
	GlobalSection(SolutionProperties) = preSolution
		HideSolutionNode = FALSE
	EndGlobalSection
	GlobalSection(ExtensibilityGlobals) = postSolution
		SolutionGuid = {ABE303E1-316E-41A1-BB02-61ABFDFB0642}
	EndGlobalSection
EndGlobal
